
Microsoft Visual Studio Solution File, Format Version 12.00
# Visual Studio Version 17
VisualStudioVersion = 17.8.34408.163
MinimumVisualStudioVersion = 10.0.40219.1
Project("{9A19103F-16F7-4668-BE54-9A1E7A4F7556}") = "M000", "M000\M000.csproj", "{EDADB8D2-94BF-44F8-B429-59CAE2DBF73A}"
EndProject
Project("{9A19103F-16F7-4668-BE54-9A1E7A4F7556}") = "M001", "M001\M001.csproj", "{4D445A83-711A-4CAD-8C0B-34F3D6BEB675}"
EndProject
Project("{9A19103F-16F7-4668-BE54-9A1E7A4F7556}") = "M002", "M002\M002.csproj", "{378EDCA6-E0DB-4CAD-972D-AC919C167018}"
EndProject
Project("{9A19103F-16F7-4668-BE54-9A1E7A4F7556}") = "M003", "M003\M003.csproj", "{CCF90C80-FDB8-4B51-852E-723B7B0DCBD2}"
EndProject
Project("{9A19103F-16F7-4668-BE54-9A1E7A4F7556}") = "M004", "M004\M004.csproj", "{9011F7B1-85BA-465A-A7FC-5529BDC040E6}"
EndProject
Project("{9A19103F-16F7-4668-BE54-9A1E7A4F7556}") = "M005", "M005\M005.csproj", "{BD7A89C3-0BA5-4026-80E7-489AB16A3330}"
EndProject
Project("{9A19103F-16F7-4668-BE54-9A1E7A4F7556}") = "M006", "M006\M006.csproj", "{A081DFBD-161A-4306-8AE6-A131A76CFD32}"
EndProject
Project("{FAE04EC0-301F-11D3-BF4B-00C04F79EFBC}") = "M007", "M007\M007.csproj", "{6490FC16-2A13-4971-A17A-D6E8A9E9751B}"
EndProject
Global
	GlobalSection(SolutionConfigurationPlatforms) = preSolution
		Debug|Any CPU = Debug|Any CPU
		Release|Any CPU = Release|Any CPU
	EndGlobalSection
	GlobalSection(ProjectConfigurationPlatforms) = postSolution
		{EDADB8D2-94BF-44F8-B429-59CAE2DBF73A}.Debug|Any CPU.ActiveCfg = Debug|Any CPU
		{EDADB8D2-94BF-44F8-B429-59CAE2DBF73A}.Debug|Any CPU.Build.0 = Debug|Any CPU
		{EDADB8D2-94BF-44F8-B429-59CAE2DBF73A}.Release|Any CPU.ActiveCfg = Release|Any CPU
		{EDADB8D2-94BF-44F8-B429-59CAE2DBF73A}.Release|Any CPU.Build.0 = Release|Any CPU
		{4D445A83-711A-4CAD-8C0B-34F3D6BEB675}.Debug|Any CPU.ActiveCfg = Debug|Any CPU
		{4D445A83-711A-4CAD-8C0B-34F3D6BEB675}.Debug|Any CPU.Build.0 = Debug|Any CPU
		{4D445A83-711A-4CAD-8C0B-34F3D6BEB675}.Release|Any CPU.ActiveCfg = Release|Any CPU
		{4D445A83-711A-4CAD-8C0B-34F3D6BEB675}.Release|Any CPU.Build.0 = Release|Any CPU
		{378EDCA6-E0DB-4CAD-972D-AC919C167018}.Debug|Any CPU.ActiveCfg = Debug|Any CPU
		{378EDCA6-E0DB-4CAD-972D-AC919C167018}.Debug|Any CPU.Build.0 = Debug|Any CPU
		{378EDCA6-E0DB-4CAD-972D-AC919C167018}.Release|Any CPU.ActiveCfg = Release|Any CPU
		{378EDCA6-E0DB-4CAD-972D-AC919C167018}.Release|Any CPU.Build.0 = Release|Any CPU
		{CCF90C80-FDB8-4B51-852E-723B7B0DCBD2}.Debug|Any CPU.ActiveCfg = Debug|Any CPU
		{CCF90C80-FDB8-4B51-852E-723B7B0DCBD2}.Debug|Any CPU.Build.0 = Debug|Any CPU
		{CCF90C80-FDB8-4B51-852E-723B7B0DCBD2}.Release|Any CPU.ActiveCfg = Release|Any CPU
		{CCF90C80-FDB8-4B51-852E-723B7B0DCBD2}.Release|Any CPU.Build.0 = Release|Any CPU
		{9011F7B1-85BA-465A-A7FC-5529BDC040E6}.Debug|Any CPU.ActiveCfg = Debug|Any CPU
		{9011F7B1-85BA-465A-A7FC-5529BDC040E6}.Debug|Any CPU.Build.0 = Debug|Any CPU
		{9011F7B1-85BA-465A-A7FC-5529BDC040E6}.Release|Any CPU.ActiveCfg = Release|Any CPU
		{9011F7B1-85BA-465A-A7FC-5529BDC040E6}.Release|Any CPU.Build.0 = Release|Any CPU
		{BD7A89C3-0BA5-4026-80E7-489AB16A3330}.Debug|Any CPU.ActiveCfg = Debug|Any CPU
		{BD7A89C3-0BA5-4026-80E7-489AB16A3330}.Debug|Any CPU.Build.0 = Debug|Any CPU
		{BD7A89C3-0BA5-4026-80E7-489AB16A3330}.Release|Any CPU.ActiveCfg = Release|Any CPU
		{BD7A89C3-0BA5-4026-80E7-489AB16A3330}.Release|Any CPU.Build.0 = Release|Any CPU
		{A081DFBD-161A-4306-8AE6-A131A76CFD32}.Debug|Any CPU.ActiveCfg = Debug|Any CPU
		{A081DFBD-161A-4306-8AE6-A131A76CFD32}.Debug|Any CPU.Build.0 = Debug|Any CPU
		{A081DFBD-161A-4306-8AE6-A131A76CFD32}.Release|Any CPU.ActiveCfg = Release|Any CPU
		{A081DFBD-161A-4306-8AE6-A131A76CFD32}.Release|Any CPU.Build.0 = Release|Any CPU
		{6490FC16-2A13-4971-A17A-D6E8A9E9751B}.Debug|Any CPU.ActiveCfg = Debug|Any CPU
		{6490FC16-2A13-4971-A17A-D6E8A9E9751B}.Debug|Any CPU.Build.0 = Debug|Any CPU
		{6490FC16-2A13-4971-A17A-D6E8A9E9751B}.Release|Any CPU.ActiveCfg = Release|Any CPU
		{6490FC16-2A13-4971-A17A-D6E8A9E9751B}.Release|Any CPU.Build.0 = Release|Any CPU
	EndGlobalSection
	GlobalSection(SolutionProperties) = preSolution
		HideSolutionNode = FALSE
	EndGlobalSection
	GlobalSection(ExtensibilityGlobals) = postSolution
		SolutionGuid = {C3468C92-5C32-4652-8B42-C5C7738BEC2C}
	EndGlobalSection
EndGlobal
