
Microsoft Visual Studio Solution File, Format Version 12.00
# Visual Studio Version 17
VisualStudioVersion = 17.8.34408.163
MinimumVisualStudioVersion = 10.0.40219.1
Project("{9A19103F-16F7-4668-BE54-9A1E7A4F7556}") = "M000", "M000\M000.csproj", "{EDADB8D2-94BF-44F8-B429-59CAE2DBF73A}"
EndProject
Project("{9A19103F-16F7-4668-BE54-9A1E7A4F7556}") = "M001", "M001\M001.csproj", "{4D445A83-711A-4CAD-8C0B-34F3D6BEB675}"
EndProject
Project("{9A19103F-16F7-4668-BE54-9A1E7A4F7556}") = "M002", "M002\M002.csproj", "{378EDCA6-E0DB-4CAD-972D-AC919C167018}"
EndProject
Project("{9A19103F-16F7-4668-BE54-9A1E7A4F7556}") = "M003", "M003\M003.csproj", "{CCF90C80-FDB8-4B51-852E-723B7B0DCBD2}"
EndProject
Project("{9A19103F-16F7-4668-BE54-9A1E7A4F7556}") = "M004", "M004\M004.csproj", "{9011F7B1-85BA-465A-A7FC-5529BDC040E6}"
EndProject
Project("{9A19103F-16F7-4668-BE54-9A1E7A4F7556}") = "M005", "M005\M005.csproj", "{BD7A89C3-0BA5-4026-80E7-489AB16A3330}"
EndProject
Project("{9A19103F-16F7-4668-BE54-9A1E7A4F7556}") = "M006", "M006\M006.csproj", "{A081DFBD-161A-4306-8AE6-A131A76CFD32}"
EndProject
Project("{9A19103F-16F7-4668-BE54-9A1E7A4F7556}") = "M007", "M007\M007.csproj", "{6490FC16-2A13-4971-A17A-D6E8A9E9751B}"
EndProject
Project("{9A19103F-16F7-4668-BE54-9A1E7A4F7556}") = "M008", "M008\M008.csproj", "{3060FCA4-05FB-43EC-8523-AB9E75AB518F}"
EndProject
Project("{9A19103F-16F7-4668-BE54-9A1E7A4F7556}") = "M009", "M009\M009.csproj", "{1064EC87-7A21-4641-AE71-6F2DF0665C72}"
EndProject
Project("{9A19103F-16F7-4668-BE54-9A1E7A4F7556}") = "M010", "M010\M010.csproj", "{B02DFE1F-E1A3-4FB3-AE79-DFC6AEC0DC29}"
EndProject
Project("{9A19103F-16F7-4668-BE54-9A1E7A4F7556}") = "M011", "M011\M011.csproj", "{557C4BEA-7A86-44A4-98BB-C225FBEEC7ED}"
EndProject
Project("{9A19103F-16F7-4668-BE54-9A1E7A4F7556}") = "M012", "M012\M012.csproj", "{19D21487-AE1A-42F0-A184-05D9379B2045}"
EndProject
Project("{9A19103F-16F7-4668-BE54-9A1E7A4F7556}") = "M013", "M013\M013.csproj", "{D23E4EBC-1B46-4ABD-AB6D-A6DE536E64DF}"
EndProject
Project("{FAE04EC0-301F-11D3-BF4B-00C04F79EFBC}") = "M014", "M014\M014.csproj", "{8AE46B71-B904-42AA-BF71-736767B27206}"
EndProject
Project("{FAE04EC0-301F-11D3-BF4B-00C04F79EFBC}") = "M015", "M015\M015.csproj", "{E9A8B988-343C-49D3-A088-4CFC7D988F40}"
EndProject
Global
	GlobalSection(SolutionConfigurationPlatforms) = preSolution
		Debug|Any CPU = Debug|Any CPU
		Release|Any CPU = Release|Any CPU
	EndGlobalSection
	GlobalSection(ProjectConfigurationPlatforms) = postSolution
		{EDADB8D2-94BF-44F8-B429-59CAE2DBF73A}.Debug|Any CPU.ActiveCfg = Debug|Any CPU
		{EDADB8D2-94BF-44F8-B429-59CAE2DBF73A}.Debug|Any CPU.Build.0 = Debug|Any CPU
		{EDADB8D2-94BF-44F8-B429-59CAE2DBF73A}.Release|Any CPU.ActiveCfg = Release|Any CPU
		{EDADB8D2-94BF-44F8-B429-59CAE2DBF73A}.Release|Any CPU.Build.0 = Release|Any CPU
		{4D445A83-711A-4CAD-8C0B-34F3D6BEB675}.Debug|Any CPU.ActiveCfg = Debug|Any CPU
		{4D445A83-711A-4CAD-8C0B-34F3D6BEB675}.Debug|Any CPU.Build.0 = Debug|Any CPU
		{4D445A83-711A-4CAD-8C0B-34F3D6BEB675}.Release|Any CPU.ActiveCfg = Release|Any CPU
		{4D445A83-711A-4CAD-8C0B-34F3D6BEB675}.Release|Any CPU.Build.0 = Release|Any CPU
		{378EDCA6-E0DB-4CAD-972D-AC919C167018}.Debug|Any CPU.ActiveCfg = Debug|Any CPU
		{378EDCA6-E0DB-4CAD-972D-AC919C167018}.Debug|Any CPU.Build.0 = Debug|Any CPU
		{378EDCA6-E0DB-4CAD-972D-AC919C167018}.Release|Any CPU.ActiveCfg = Release|Any CPU
		{378EDCA6-E0DB-4CAD-972D-AC919C167018}.Release|Any CPU.Build.0 = Release|Any CPU
		{CCF90C80-FDB8-4B51-852E-723B7B0DCBD2}.Debug|Any CPU.ActiveCfg = Debug|Any CPU
		{CCF90C80-FDB8-4B51-852E-723B7B0DCBD2}.Debug|Any CPU.Build.0 = Debug|Any CPU
		{CCF90C80-FDB8-4B51-852E-723B7B0DCBD2}.Release|Any CPU.ActiveCfg = Release|Any CPU
		{CCF90C80-FDB8-4B51-852E-723B7B0DCBD2}.Release|Any CPU.Build.0 = Release|Any CPU
		{9011F7B1-85BA-465A-A7FC-5529BDC040E6}.Debug|Any CPU.ActiveCfg = Debug|Any CPU
		{9011F7B1-85BA-465A-A7FC-5529BDC040E6}.Debug|Any CPU.Build.0 = Debug|Any CPU
		{9011F7B1-85BA-465A-A7FC-5529BDC040E6}.Release|Any CPU.ActiveCfg = Release|Any CPU
		{9011F7B1-85BA-465A-A7FC-5529BDC040E6}.Release|Any CPU.Build.0 = Release|Any CPU
		{BD7A89C3-0BA5-4026-80E7-489AB16A3330}.Debug|Any CPU.ActiveCfg = Debug|Any CPU
		{BD7A89C3-0BA5-4026-80E7-489AB16A3330}.Debug|Any CPU.Build.0 = Debug|Any CPU
		{BD7A89C3-0BA5-4026-80E7-489AB16A3330}.Release|Any CPU.ActiveCfg = Release|Any CPU
		{BD7A89C3-0BA5-4026-80E7-489AB16A3330}.Release|Any CPU.Build.0 = Release|Any CPU
		{A081DFBD-161A-4306-8AE6-A131A76CFD32}.Debug|Any CPU.ActiveCfg = Debug|Any CPU
		{A081DFBD-161A-4306-8AE6-A131A76CFD32}.Debug|Any CPU.Build.0 = Debug|Any CPU
		{A081DFBD-161A-4306-8AE6-A131A76CFD32}.Release|Any CPU.ActiveCfg = Release|Any CPU
		{A081DFBD-161A-4306-8AE6-A131A76CFD32}.Release|Any CPU.Build.0 = Release|Any CPU
		{6490FC16-2A13-4971-A17A-D6E8A9E9751B}.Debug|Any CPU.ActiveCfg = Debug|Any CPU
		{6490FC16-2A13-4971-A17A-D6E8A9E9751B}.Debug|Any CPU.Build.0 = Debug|Any CPU
		{6490FC16-2A13-4971-A17A-D6E8A9E9751B}.Release|Any CPU.ActiveCfg = Release|Any CPU
		{6490FC16-2A13-4971-A17A-D6E8A9E9751B}.Release|Any CPU.Build.0 = Release|Any CPU
		{3060FCA4-05FB-43EC-8523-AB9E75AB518F}.Debug|Any CPU.ActiveCfg = Debug|Any CPU
		{3060FCA4-05FB-43EC-8523-AB9E75AB518F}.Debug|Any CPU.Build.0 = Debug|Any CPU
		{3060FCA4-05FB-43EC-8523-AB9E75AB518F}.Release|Any CPU.ActiveCfg = Release|Any CPU
		{3060FCA4-05FB-43EC-8523-AB9E75AB518F}.Release|Any CPU.Build.0 = Release|Any CPU
		{1064EC87-7A21-4641-AE71-6F2DF0665C72}.Debug|Any CPU.ActiveCfg = Debug|Any CPU
		{1064EC87-7A21-4641-AE71-6F2DF0665C72}.Debug|Any CPU.Build.0 = Debug|Any CPU
		{1064EC87-7A21-4641-AE71-6F2DF0665C72}.Release|Any CPU.ActiveCfg = Release|Any CPU
		{1064EC87-7A21-4641-AE71-6F2DF0665C72}.Release|Any CPU.Build.0 = Release|Any CPU
		{B02DFE1F-E1A3-4FB3-AE79-DFC6AEC0DC29}.Debug|Any CPU.ActiveCfg = Debug|Any CPU
		{B02DFE1F-E1A3-4FB3-AE79-DFC6AEC0DC29}.Debug|Any CPU.Build.0 = Debug|Any CPU
		{B02DFE1F-E1A3-4FB3-AE79-DFC6AEC0DC29}.Release|Any CPU.ActiveCfg = Release|Any CPU
		{B02DFE1F-E1A3-4FB3-AE79-DFC6AEC0DC29}.Release|Any CPU.Build.0 = Release|Any CPU
		{557C4BEA-7A86-44A4-98BB-C225FBEEC7ED}.Debug|Any CPU.ActiveCfg = Debug|Any CPU
		{557C4BEA-7A86-44A4-98BB-C225FBEEC7ED}.Debug|Any CPU.Build.0 = Debug|Any CPU
		{557C4BEA-7A86-44A4-98BB-C225FBEEC7ED}.Release|Any CPU.ActiveCfg = Release|Any CPU
		{557C4BEA-7A86-44A4-98BB-C225FBEEC7ED}.Release|Any CPU.Build.0 = Release|Any CPU
		{19D21487-AE1A-42F0-A184-05D9379B2045}.Debug|Any CPU.ActiveCfg = Debug|Any CPU
		{19D21487-AE1A-42F0-A184-05D9379B2045}.Debug|Any CPU.Build.0 = Debug|Any CPU
		{19D21487-AE1A-42F0-A184-05D9379B2045}.Release|Any CPU.ActiveCfg = Release|Any CPU
		{19D21487-AE1A-42F0-A184-05D9379B2045}.Release|Any CPU.Build.0 = Release|Any CPU
		{D23E4EBC-1B46-4ABD-AB6D-A6DE536E64DF}.Debug|Any CPU.ActiveCfg = Debug|Any CPU
		{D23E4EBC-1B46-4ABD-AB6D-A6DE536E64DF}.Debug|Any CPU.Build.0 = Debug|Any CPU
		{D23E4EBC-1B46-4ABD-AB6D-A6DE536E64DF}.Release|Any CPU.ActiveCfg = Release|Any CPU
		{D23E4EBC-1B46-4ABD-AB6D-A6DE536E64DF}.Release|Any CPU.Build.0 = Release|Any CPU
		{8AE46B71-B904-42AA-BF71-736767B27206}.Debug|Any CPU.ActiveCfg = Debug|Any CPU
		{8AE46B71-B904-42AA-BF71-736767B27206}.Debug|Any CPU.Build.0 = Debug|Any CPU
		{8AE46B71-B904-42AA-BF71-736767B27206}.Release|Any CPU.ActiveCfg = Release|Any CPU
		{8AE46B71-B904-42AA-BF71-736767B27206}.Release|Any CPU.Build.0 = Release|Any CPU
		{E9A8B988-343C-49D3-A088-4CFC7D988F40}.Debug|Any CPU.ActiveCfg = Debug|Any CPU
		{E9A8B988-343C-49D3-A088-4CFC7D988F40}.Debug|Any CPU.Build.0 = Debug|Any CPU
		{E9A8B988-343C-49D3-A088-4CFC7D988F40}.Release|Any CPU.ActiveCfg = Release|Any CPU
		{E9A8B988-343C-49D3-A088-4CFC7D988F40}.Release|Any CPU.Build.0 = Release|Any CPU
	EndGlobalSection
	GlobalSection(SolutionProperties) = preSolution
		HideSolutionNode = FALSE
	EndGlobalSection
	GlobalSection(ExtensibilityGlobals) = postSolution
		SolutionGuid = {C3468C92-5C32-4652-8B42-C5C7738BEC2C}
	EndGlobalSection
EndGlobal
